Microsoft Visual Studio Solution File, Format Version 10.00
# Visual Studio 2008
Project("{FAE04EC0-301F-11D3-BF4B-00C04F79EFBC}") = "DXGrid_ShowCheckBoxInColumnHeaders", "DXGrid_ShowCheckBoxInColumnHeaders\DXGrid_ShowCheckBoxInColumnHeaders.csproj", "{72CC2ABE-8F4C-4A5A-907E-25C5008B9A8F}"
EndProject
Global
	GlobalSection(SolutionConfigurationPlatforms) = preSolution
		Debug|Any CPU = Debug|Any CPU
		Release|Any CPU = Release|Any CPU
	EndGlobalSection
	GlobalSection(ProjectConfigurationPlatforms) = postSolution
		{72CC2ABE-8F4C-4A5A-907E-25C5008B9A8F}.Debug|Any CPU.ActiveCfg = Debug|Any CPU
		{72CC2ABE-8F4C-4A5A-907E-25C5008B9A8F}.Debug|Any CPU.Build.0 = Debug|Any CPU
		{72CC2ABE-8F4C-4A5A-907E-25C5008B9A8F}.Release|Any CPU.ActiveCfg = Release|Any CPU
		{72CC2ABE-8F4C-4A5A-907E-25C5008B9A8F}.Release|Any CPU.Build.0 = Release|Any CPU
	EndGlobalSection
	GlobalSection(SolutionProperties) = preSolution
		HideSolutionNode = FALSE
	EndGlobalSection
EndGlobal
